
Microsoft Visual Studio Solution File, Format Version 12.00
# Visual Studio 2012
Project("{FAE04EC0-301F-11D3-BF4B-00C04F79EFBC}") = "FieldCipher", "FieldCipher\FieldCipher.csproj", "{4F5EADC8-0ED9-46B8-9D86-A27935DDF2B0}"
EndProject
Project("{FAE04EC0-301F-11D3-BF4B-00C04F79EFBC}") = "FieldCipherExample", "FIeldCipherExample\FieldCipherExample.csproj", "{6716C09A-91C7-4803-8CDD-65AB3D48FFE0}"
EndProject
Global
	GlobalSection(SolutionConfigurationPlatforms) = preSolution
		Debug|Any CPU = Debug|Any CPU
		Release|Any CPU = Release|Any CPU
	EndGlobalSection
	GlobalSection(ProjectConfigurationPlatforms) = postSolution
		{4F5EADC8-0ED9-46B8-9D86-A27935DDF2B0}.Debug|Any CPU.ActiveCfg = Debug|Any CPU
		{4F5EADC8-0ED9-46B8-9D86-A27935DDF2B0}.Debug|Any CPU.Build.0 = Debug|Any CPU
		{4F5EADC8-0ED9-46B8-9D86-A27935DDF2B0}.Release|Any CPU.ActiveCfg = Release|Any CPU
		{4F5EADC8-0ED9-46B8-9D86-A27935DDF2B0}.Release|Any CPU.Build.0 = Release|Any CPU
		{6716C09A-91C7-4803-8CDD-65AB3D48FFE0}.Debug|Any CPU.ActiveCfg = Debug|Any CPU
		{6716C09A-91C7-4803-8CDD-65AB3D48FFE0}.Debug|Any CPU.Build.0 = Debug|Any CPU
		{6716C09A-91C7-4803-8CDD-65AB3D48FFE0}.Release|Any CPU.ActiveCfg = Release|Any CPU
		{6716C09A-91C7-4803-8CDD-65AB3D48FFE0}.Release|Any CPU.Build.0 = Release|Any CPU
	EndGlobalSection
EndGlobal
